
Microsoft Visual Studio Solution File, Format Version 12.00
# Visual Studio 2012
Project("{FAE04EC0-301F-11D3-BF4B-00C04F79EFBC}") = "daoMangasAmis", "daoMangasAmis.csproj", "{B17A6D58-C0AA-4519-A4A0-047132756D90}"
EndProject
Global
	GlobalSection(SolutionConfigurationPlatforms) = preSolution
		Debug|Any CPU = Debug|Any CPU
		Release|Any CPU = Release|Any CPU
	EndGlobalSection
	GlobalSection(ProjectConfigurationPlatforms) = postSolution
		{B17A6D58-C0AA-4519-A4A0-047132756D90}.Debug|Any CPU.ActiveCfg = Debug|Any CPU
		{B17A6D58-C0AA-4519-A4A0-047132756D90}.Debug|Any CPU.Build.0 = Debug|Any CPU
		{B17A6D58-C0AA-4519-A4A0-047132756D90}.Release|Any CPU.ActiveCfg = Release|Any CPU
		{B17A6D58-C0AA-4519-A4A0-047132756D90}.Release|Any CPU.Build.0 = Release|Any CPU
	EndGlobalSection
EndGlobal
